{
  "name": "outlook-addin-poc",
  "version": "1.0.0",
  "lockfileVersion": 2,
  "requires": true,
  "packages": {
    "": {
      "name": "outlook-addin-poc",
      "version": "1.0.0",
      "license": "ISC",
      "dependencies": {
        "dotnet-interop": "file:../dotnet-interop/dist"
      }
    },
    "../dotnet-interop/dist": {
      "name": "dotnet-interop"
    },
    "../dotnet-interop/dist/dotnet-interop": {
      "extraneous": true
    },
    "dist/dotnet-interop": {
      "extraneous": true
    },
    "node_modules/dotnet-interop": {
      "resolved": "../dotnet-interop/dist",
      "link": true
    }
  },
  "dependencies": {
    "dotnet-interop": {
      "version": "file:../dotnet-interop/dist"
    }
  }
}
